
Microsoft Visual Studio Solution File, Format Version 12.00
# Visual Studio Version 17
VisualStudioVersion = 17.14.36310.24
MinimumVisualStudioVersion = 10.0.40219.1
Project("{FAE04EC0-301F-11D3-BF4B-00C04F79EFBC}") = "QSoft.WPF.Control", "QSoft.WPF.Control\QSoft.WPF.Control.csproj", "{65A7A891-1522-4043-B8CA-BDA781BAC75B}"
EndProject
Project("{FAE04EC0-301F-11D3-BF4B-00C04F79EFBC}") = "QSoft.WPF.ControlT", "QSoft.WPF.ControlT\QSoft.WPF.ControlT.csproj", "{F968538F-5581-4C72-BD04-32B8A0517DD5}"
EndProject
Project("{FAE04EC0-301F-11D3-BF4B-00C04F79EFBC}") = "WpfApp1", "WpfApp1\WpfApp1.csproj", "{BE32B3A8-0184-4499-8B83-FF300E53B92F}"
EndProject
Project("{FAE04EC0-301F-11D3-BF4B-00C04F79EFBC}") = "QSoft.WPF.TreeListView", "QSoft.WPF.TreeListView\QSoft.WPF.TreeListView.csproj", "{F633F868-A2E1-E51B-FD03-E2A96033F227}"
EndProject
Project("{FAE04EC0-301F-11D3-BF4B-00C04F79EFBC}") = "QSoft.WPF.TreeListViewT", "QSoft.WPF.TreeListViewT\QSoft.WPF.TreeListViewT.csproj", "{641932F2-CB91-A628-14E9-440172B2FEAE}"
EndProject
Project("{FAE04EC0-301F-11D3-BF4B-00C04F79EFBC}") = "WpfApp_Validate", "WpfApp_Validate\WpfApp_Validate.csproj", "{062DB706-CCCC-4572-9EAA-133154F034E7}"
EndProject
Project("{FAE04EC0-301F-11D3-BF4B-00C04F79EFBC}") = "WpfApp_SliderTooltip", "WpfApp_SliderTooltip\WpfApp_SliderTooltip.csproj", "{84DAAB98-5306-436A-85E0-8B1CECE2F34C}"
EndProject
Global
	GlobalSection(SolutionConfigurationPlatforms) = preSolution
		Debug|Any CPU = Debug|Any CPU
		Release|Any CPU = Release|Any CPU
	EndGlobalSection
	GlobalSection(ProjectConfigurationPlatforms) = postSolution
		{65A7A891-1522-4043-B8CA-BDA781BAC75B}.Debug|Any CPU.ActiveCfg = Debug|Any CPU
		{65A7A891-1522-4043-B8CA-BDA781BAC75B}.Debug|Any CPU.Build.0 = Debug|Any CPU
		{65A7A891-1522-4043-B8CA-BDA781BAC75B}.Release|Any CPU.ActiveCfg = Release|Any CPU
		{65A7A891-1522-4043-B8CA-BDA781BAC75B}.Release|Any CPU.Build.0 = Release|Any CPU
		{F968538F-5581-4C72-BD04-32B8A0517DD5}.Debug|Any CPU.ActiveCfg = Debug|Any CPU
		{F968538F-5581-4C72-BD04-32B8A0517DD5}.Debug|Any CPU.Build.0 = Debug|Any CPU
		{F968538F-5581-4C72-BD04-32B8A0517DD5}.Release|Any CPU.ActiveCfg = Release|Any CPU
		{F968538F-5581-4C72-BD04-32B8A0517DD5}.Release|Any CPU.Build.0 = Release|Any CPU
		{BE32B3A8-0184-4499-8B83-FF300E53B92F}.Debug|Any CPU.ActiveCfg = Debug|Any CPU
		{BE32B3A8-0184-4499-8B83-FF300E53B92F}.Debug|Any CPU.Build.0 = Debug|Any CPU
		{BE32B3A8-0184-4499-8B83-FF300E53B92F}.Release|Any CPU.ActiveCfg = Release|Any CPU
		{BE32B3A8-0184-4499-8B83-FF300E53B92F}.Release|Any CPU.Build.0 = Release|Any CPU
		{F633F868-A2E1-E51B-FD03-E2A96033F227}.Debug|Any CPU.ActiveCfg = Debug|Any CPU
		{F633F868-A2E1-E51B-FD03-E2A96033F227}.Debug|Any CPU.Build.0 = Debug|Any CPU
		{F633F868-A2E1-E51B-FD03-E2A96033F227}.Release|Any CPU.ActiveCfg = Release|Any CPU
		{F633F868-A2E1-E51B-FD03-E2A96033F227}.Release|Any CPU.Build.0 = Release|Any CPU
		{641932F2-CB91-A628-14E9-440172B2FEAE}.Debug|Any CPU.ActiveCfg = Debug|Any CPU
		{641932F2-CB91-A628-14E9-440172B2FEAE}.Debug|Any CPU.Build.0 = Debug|Any CPU
		{641932F2-CB91-A628-14E9-440172B2FEAE}.Release|Any CPU.ActiveCfg = Release|Any CPU
		{641932F2-CB91-A628-14E9-440172B2FEAE}.Release|Any CPU.Build.0 = Release|Any CPU
		{062DB706-CCCC-4572-9EAA-133154F034E7}.Debug|Any CPU.ActiveCfg = Debug|Any CPU
		{062DB706-CCCC-4572-9EAA-133154F034E7}.Debug|Any CPU.Build.0 = Debug|Any CPU
		{062DB706-CCCC-4572-9EAA-133154F034E7}.Release|Any CPU.ActiveCfg = Release|Any CPU
		{062DB706-CCCC-4572-9EAA-133154F034E7}.Release|Any CPU.Build.0 = Release|Any CPU
		{84DAAB98-5306-436A-85E0-8B1CECE2F34C}.Debug|Any CPU.ActiveCfg = Debug|Any CPU
		{84DAAB98-5306-436A-85E0-8B1CECE2F34C}.Debug|Any CPU.Build.0 = Debug|Any CPU
		{84DAAB98-5306-436A-85E0-8B1CECE2F34C}.Release|Any CPU.ActiveCfg = Release|Any CPU
		{84DAAB98-5306-436A-85E0-8B1CECE2F34C}.Release|Any CPU.Build.0 = Release|Any CPU
	EndGlobalSection
	GlobalSection(SolutionProperties) = preSolution
		HideSolutionNode = FALSE
	EndGlobalSection
	GlobalSection(ExtensibilityGlobals) = postSolution
		SolutionGuid = {D0D6B6B5-A646-4C68-B6F0-D46B4DE77AE8}
	EndGlobalSection
EndGlobal
